// !$*UTF8*$!
{
	archiveVersion = 1;
	classes = {
	};
	objectVersion = 56;
	objects = {

/* Begin PBXBuildFile section */
		9128CE032AC174F800453D37 /* iTunesSearch.xctestplan in Resources */ = {isa = PBXBuildFile; fileRef = 9128CE022AC174F800453D37 /* iTunesSearch.xctestplan */; };
		9128CE052AC1762200453D37 /* iTunesSearchResult+Mock.swift in Sources */ = {isa = PBXBuildFile; fileRef = 9128CE042AC1762200453D37 /* iTunesSearchResult+Mock.swift */; };
		91318CC22AC164DC00F19583 /* MockApiClient.swift in Sources */ = {isa = PBXBuildFile; fileRef = 91318CC12AC164DC00F19583 /* MockApiClient.swift */; };
		91318CC42AC169FC00F19583 /* MockLandingView.swift in Sources */ = {isa = PBXBuildFile; fileRef = 91318CC32AC169FC00F19583 /* MockLandingView.swift */; };
		916724972AC06AAB00825724 /* AppDelegate.swift in Sources */ = {isa = PBXBuildFile; fileRef = 916724962AC06AAB00825724 /* AppDelegate.swift */; };
		916724992AC06AAB00825724 /* SceneDelegate.swift in Sources */ = {isa = PBXBuildFile; fileRef = 916724982AC06AAB00825724 /* SceneDelegate.swift */; };
		916724A02AC06AAD00825724 /* Assets.xcassets in Resources */ = {isa = PBXBuildFile; fileRef = 9167249F2AC06AAD00825724 /* Assets.xcassets */; };
		916724A32AC06AAD00825724 /* LaunchScreen.storyboard in Resources */ = {isa = PBXBuildFile; fileRef = 916724A12AC06AAD00825724 /* LaunchScreen.storyboard */; };
		916724AE2AC06AAE00825724 /* iTunesSearchTests.swift in Sources */ = {isa = PBXBuildFile; fileRef = 916724AD2AC06AAE00825724 /* iTunesSearchTests.swift */; };
		916724CE2AC06FFB00825724 /* ApiClient.swift in Sources */ = {isa = PBXBuildFile; fileRef = 916724CD2AC06FFB00825724 /* ApiClient.swift */; };
		916724D62AC079BC00825724 /* LandingPresenter.swift in Sources */ = {isa = PBXBuildFile; fileRef = 916724CF2AC079BC00825724 /* LandingPresenter.swift */; };
		916724D82AC079BC00825724 /* LandingProtocols.swift in Sources */ = {isa = PBXBuildFile; fileRef = 916724D12AC079BC00825724 /* LandingProtocols.swift */; };
		916724DA2AC079BC00825724 /* LandingView.swift in Sources */ = {isa = PBXBuildFile; fileRef = 916724D32AC079BC00825724 /* LandingView.swift */; };
		916724DB2AC079BC00825724 /* LandingModel.swift in Sources */ = {isa = PBXBuildFile; fileRef = 916724D42AC079BC00825724 /* LandingModel.swift */; };
		916724DC2AC079BC00825724 /* LandingView.xib in Resources */ = {isa = PBXBuildFile; fileRef = 916724D52AC079BC00825724 /* LandingView.xib */; };
		916724DF2AC07BBF00825724 /* iTunesSearchResult.swift in Sources */ = {isa = PBXBuildFile; fileRef = 916724DE2AC07BBF00825724 /* iTunesSearchResult.swift */; };
		916724E12AC07DAA00825724 /* ScreenConfigurator.swift in Sources */ = {isa = PBXBuildFile; fileRef = 916724E02AC07DAA00825724 /* ScreenConfigurator.swift */; };
		916724E32AC083EA00825724 /* iTunesSearchService.swift in Sources */ = {isa = PBXBuildFile; fileRef = 916724E22AC083EA00825724 /* iTunesSearchService.swift */; };
		916724E72AC08BB700825724 /* SongCell.swift in Sources */ = {isa = PBXBuildFile; fileRef = 916724E52AC08BB700825724 /* SongCell.swift */; };
		916724E82AC08BB700825724 /* SongCell.xib in Resources */ = {isa = PBXBuildFile; fileRef = 916724E62AC08BB700825724 /* SongCell.xib */; };
		916724EB2AC098FE00825724 /* UIViewControlle+Extension.swift in Sources */ = {isa = PBXBuildFile; fileRef = 916724EA2AC098FE00825724 /* UIViewControlle+Extension.swift */; };
/* End PBXBuildFile section */

/* Begin PBXContainerItemProxy section */
		916724AA2AC06AAE00825724 /* PBXContainerItemProxy */ = {
			isa = PBXContainerItemProxy;
			containerPortal = 9167248B2AC06AAB00825724 /* Project object */;
			proxyType = 1;
			remoteGlobalIDString = 916724922AC06AAB00825724;
			remoteInfo = iTunesSearch;
		};
/* End PBXContainerItemProxy section */

/* Begin PBXFileReference section */
		9128CE022AC174F800453D37 /* iTunesSearch.xctestplan */ = {isa = PBXFileReference; fileEncoding = 4; lastKnownFileType = text; path = iTunesSearch.xctestplan; sourceTree = "<group>"; };
		9128CE042AC1762200453D37 /* iTunesSearchResult+Mock.swift */ = {isa = PBXFileReference; lastKnownFileType = sourcecode.swift; path = "iTunesSearchResult+Mock.swift"; sourceTree = "<group>"; };
		91318CC12AC164DC00F19583 /* MockApiClient.swift */ = {isa = PBXFileReference; lastKnownFileType = sourcecode.swift; path = MockApiClient.swift; sourceTree = "<group>"; };
		91318CC32AC169FC00F19583 /* MockLandingView.swift */ = {isa = PBXFileReference; lastKnownFileType = sourcecode.swift; path = MockLandingView.swift; sourceTree = "<group>"; };
		916724932AC06AAB00825724 /* iTunesSearch.app */ = {isa = PBXFileReference; explicitFileType = wrapper.application; includeInIndex = 0; path = iTunesSearch.app; sourceTree = BUILT_PRODUCTS_DIR; };
		916724962AC06AAB00825724 /* AppDelegate.swift */ = {isa = PBXFileReference; lastKnownFileType = sourcecode.swift; path = AppDelegate.swift; sourceTree = "<group>"; };
		916724982AC06AAB00825724 /* SceneDelegate.swift */ = {isa = PBXFileReference; lastKnownFileType = sourcecode.swift; path = SceneDelegate.swift; sourceTree = "<group>"; };
		9167249F2AC06AAD00825724 /* Assets.xcassets */ = {isa = PBXFileReference; lastKnownFileType = folder.assetcatalog; path = Assets.xcassets; sourceTree = "<group>"; };
		916724A22AC06AAD00825724 /* Base */ = {isa = PBXFileReference; lastKnownFileType = file.storyboard; name = Base; path = Base.lproj/LaunchScreen.storyboard; sourceTree = "<group>"; };
		916724A42AC06AAD00825724 /* Info.plist */ = {isa = PBXFileReference; lastKnownFileType = text.plist.xml; path = Info.plist; sourceTree = "<group>"; };
		916724A92AC06AAE00825724 /* iTunesSearchTests.xctest */ = {isa = PBXFileReference; explicitFileType = wrapper.cfbundle; includeInIndex = 0; path = iTunesSearchTests.xctest; sourceTree = BUILT_PRODUCTS_DIR; };
		916724AD2AC06AAE00825724 /* iTunesSearchTests.swift */ = {isa = PBXFileReference; lastKnownFileType = sourcecode.swift; path = iTunesSearchTests.swift; sourceTree = "<group>"; };
		916724CD2AC06FFB00825724 /* ApiClient.swift */ = {isa = PBXFileReference; lastKnownFileType = sourcecode.swift; path = ApiClient.swift; sourceTree = "<group>"; };
		916724CF2AC079BC00825724 /* LandingPresenter.swift */ = {isa = PBXFileReference; lastKnownFileType = sourcecode.swift; path = LandingPresenter.swift; sourceTree = "<group>"; };
		916724D12AC079BC00825724 /* LandingProtocols.swift */ = {isa = PBXFileReference; lastKnownFileType = sourcecode.swift; path = LandingProtocols.swift; sourceTree = "<group>"; };
		916724D32AC079BC00825724 /* LandingView.swift */ = {isa = PBXFileReference; lastKnownFileType = sourcecode.swift; path = LandingView.swift; sourceTree = "<group>"; };
		916724D42AC079BC00825724 /* LandingModel.swift */ = {isa = PBXFileReference; lastKnownFileType = sourcecode.swift; path = LandingModel.swift; sourceTree = "<group>"; };
		916724D52AC079BC00825724 /* LandingView.xib */ = {isa = PBXFileReference; lastKnownFileType = file.xib; path = LandingView.xib; sourceTree = "<group>"; };
		916724DE2AC07BBF00825724 /* iTunesSearchResult.swift */ = {isa = PBXFileReference; lastKnownFileType = sourcecode.swift; path = iTunesSearchResult.swift; sourceTree = "<group>"; };
		916724E02AC07DAA00825724 /* ScreenConfigurator.swift */ = {isa = PBXFileReference; lastKnownFileType = sourcecode.swift; path = ScreenConfigurator.swift; sourceTree = "<group>"; };
		916724E22AC083EA00825724 /* iTunesSearchService.swift */ = {isa = PBXFileReference; lastKnownFileType = sourcecode.swift; path = iTunesSearchService.swift; sourceTree = "<group>"; };
		916724E52AC08BB700825724 /* SongCell.swift */ = {isa = PBXFileReference; lastKnownFileType = sourcecode.swift; path = SongCell.swift; sourceTree = "<group>"; };
		916724E62AC08BB700825724 /* SongCell.xib */ = {isa = PBXFileReference; lastKnownFileType = file.xib; path = SongCell.xib; sourceTree = "<group>"; };
		916724EA2AC098FE00825724 /* UIViewControlle+Extension.swift */ = {isa = PBXFileReference; lastKnownFileType = sourcecode.swift; path = "UIViewControlle+Extension.swift"; sourceTree = "<group>"; };
/* End PBXFileReference section */

/* Begin PBXFrameworksBuildPhase section */
		916724902AC06AAB00825724 /* Frameworks */ = {
			isa = PBXFrameworksBuildPhase;
			buildActionMask = 2147483647;
			files = (
			);
			runOnlyForDeploymentPostprocessing = 0;
		};
		916724A62AC06AAE00825724 /* Frameworks */ = {
			isa = PBXFrameworksBuildPhase;
			buildActionMask = 2147483647;
			files = (
			);
			runOnlyForDeploymentPostprocessing = 0;
		};
/* End PBXFrameworksBuildPhase section */

/* Begin PBXGroup section */
		9128CE012AC174F800453D37 /* iTunesSearchTestPlans */ = {
			isa = PBXGroup;
			children = (
				9128CE022AC174F800453D37 /* iTunesSearch.xctestplan */,
			);
			path = iTunesSearchTestPlans;
			sourceTree = "<group>";
		};
		91318CC02AC164CF00F19583 /* Mocks */ = {
			isa = PBXGroup;
			children = (
				91318CC12AC164DC00F19583 /* MockApiClient.swift */,
				91318CC32AC169FC00F19583 /* MockLandingView.swift */,
				9128CE042AC1762200453D37 /* iTunesSearchResult+Mock.swift */,
			);
			path = Mocks;
			sourceTree = "<group>";
		};
		9167248A2AC06AAB00825724 = {
			isa = PBXGroup;
			children = (
				9128CE012AC174F800453D37 /* iTunesSearchTestPlans */,
				916724952AC06AAB00825724 /* iTunesSearch */,
				916724AC2AC06AAE00825724 /* iTunesSearchTests */,
				916724942AC06AAB00825724 /* Products */,
			);
			sourceTree = "<group>";
		};
		916724942AC06AAB00825724 /* Products */ = {
			isa = PBXGroup;
			children = (
				916724932AC06AAB00825724 /* iTunesSearch.app */,
				916724A92AC06AAE00825724 /* iTunesSearchTests.xctest */,
			);
			name = Products;
			sourceTree = "<group>";
		};
		916724952AC06AAB00825724 /* iTunesSearch */ = {
			isa = PBXGroup;
			children = (
				916724E92AC098E700825724 /* Helper */,
				916724DD2AC07B8C00825724 /* DataModels */,
				916724CC2AC06FED00825724 /* ApiServices */,
				916724C62AC06C9C00825724 /* Screens */,
				916724962AC06AAB00825724 /* AppDelegate.swift */,
				916724982AC06AAB00825724 /* SceneDelegate.swift */,
				9167249F2AC06AAD00825724 /* Assets.xcassets */,
				916724A12AC06AAD00825724 /* LaunchScreen.storyboard */,
				916724A42AC06AAD00825724 /* Info.plist */,
			);
			path = iTunesSearch;
			sourceTree = "<group>";
		};
		916724AC2AC06AAE00825724 /* iTunesSearchTests */ = {
			isa = PBXGroup;
			children = (
				91318CC02AC164CF00F19583 /* Mocks */,
				916724AD2AC06AAE00825724 /* iTunesSearchTests.swift */,
			);
			path = iTunesSearchTests;
			sourceTree = "<group>";
		};
		916724C62AC06C9C00825724 /* Screens */ = {
			isa = PBXGroup;
			children = (
				916724C72AC06CA500825724 /* Landing */,
				916724E02AC07DAA00825724 /* ScreenConfigurator.swift */,
			);
			path = Screens;
			sourceTree = "<group>";
		};
		916724C72AC06CA500825724 /* Landing */ = {
			isa = PBXGroup;
			children = (
				916724E42AC08B9B00825724 /* Cells */,
				916724CF2AC079BC00825724 /* LandingPresenter.swift */,
				916724D12AC079BC00825724 /* LandingProtocols.swift */,
				916724D32AC079BC00825724 /* LandingView.swift */,
				916724D42AC079BC00825724 /* LandingModel.swift */,
				916724D52AC079BC00825724 /* LandingView.xib */,
			);
			path = Landing;
			sourceTree = "<group>";
		};
		916724CC2AC06FED00825724 /* ApiServices */ = {
			isa = PBXGroup;
			children = (
				916724CD2AC06FFB00825724 /* ApiClient.swift */,
				916724E22AC083EA00825724 /* iTunesSearchService.swift */,
			);
			path = ApiServices;
			sourceTree = "<group>";
		};
		916724DD2AC07B8C00825724 /* DataModels */ = {
			isa = PBXGroup;
			children = (
				916724DE2AC07BBF00825724 /* iTunesSearchResult.swift */,
			);
			path = DataModels;
			sourceTree = "<group>";
		};
		916724E42AC08B9B00825724 /* Cells */ = {
			isa = PBXGroup;
			children = (
				916724E52AC08BB700825724 /* SongCell.swift */,
				916724E62AC08BB700825724 /* SongCell.xib */,
			);
			path = Cells;
			sourceTree = "<group>";
		};
		916724E92AC098E700825724 /* Helper */ = {
			isa = PBXGroup;
			children = (
				916724EA2AC098FE00825724 /* UIViewControlle+Extension.swift */,
			);
			path = Helper;
			sourceTree = "<group>";
		};
/* End PBXGroup section */

/* Begin PBXNativeTarget section */
		916724922AC06AAB00825724 /* iTunesSearch */ = {
			isa = PBXNativeTarget;
			buildConfigurationList = 916724BD2AC06AAE00825724 /* Build configuration list for PBXNativeTarget "iTunesSearch" */;
			buildPhases = (
				9167248F2AC06AAB00825724 /* Sources */,
				916724902AC06AAB00825724 /* Frameworks */,
				916724912AC06AAB00825724 /* Resources */,
			);
			buildRules = (
			);
			dependencies = (
			);
			name = iTunesSearch;
			productName = iTunesSearch;
			productReference = 916724932AC06AAB00825724 /* iTunesSearch.app */;
			productType = "com.apple.product-type.application";
		};
		916724A82AC06AAE00825724 /* iTunesSearchTests */ = {
			isa = PBXNativeTarget;
			buildConfigurationList = 916724C02AC06AAE00825724 /* Build configuration list for PBXNativeTarget "iTunesSearchTests" */;
			buildPhases = (
				916724A52AC06AAE00825724 /* Sources */,
				916724A62AC06AAE00825724 /* Frameworks */,
				916724A72AC06AAE00825724 /* Resources */,
			);
			buildRules = (
			);
			dependencies = (
				916724AB2AC06AAE00825724 /* PBXTargetDependency */,
			);
			name = iTunesSearchTests;
			productName = iTunesSearchTests;
			productReference = 916724A92AC06AAE00825724 /* iTunesSearchTests.xctest */;
			productType = "com.apple.product-type.bundle.unit-test";
		};
/* End PBXNativeTarget section */

/* Begin PBXProject section */
		9167248B2AC06AAB00825724 /* Project object */ = {
			isa = PBXProject;
			attributes = {
				BuildIndependentTargetsInParallel = 1;
				LastSwiftUpdateCheck = 1430;
				LastUpgradeCheck = 1430;
				TargetAttributes = {
					916724922AC06AAB00825724 = {
						CreatedOnToolsVersion = 14.3.1;
					};
					916724A82AC06AAE00825724 = {
						CreatedOnToolsVersion = 14.3.1;
						TestTargetID = 916724922AC06AAB00825724;
					};
				};
			};
			buildConfigurationList = 9167248E2AC06AAB00825724 /* Build configuration list for PBXProject "iTunesSearch" */;
			compatibilityVersion = "Xcode 14.0";
			developmentRegion = en;
			hasScannedForEncodings = 0;
			knownRegions = (
				en,
				Base,
			);
			mainGroup = 9167248A2AC06AAB00825724;
			productRefGroup = 916724942AC06AAB00825724 /* Products */;
			projectDirPath = "";
			projectRoot = "";
			targets = (
				916724922AC06AAB00825724 /* iTunesSearch */,
				916724A82AC06AAE00825724 /* iTunesSearchTests */,
			);
		};
/* End PBXProject section */

/* Begin PBXResourcesBuildPhase section */
		916724912AC06AAB00825724 /* Resources */ = {
			isa = PBXResourcesBuildPhase;
			buildActionMask = 2147483647;
			files = (
				9128CE032AC174F800453D37 /* iTunesSearch.xctestplan in Resources */,
				916724E82AC08BB700825724 /* SongCell.xib in Resources */,
				916724DC2AC079BC00825724 /* LandingView.xib in Resources */,
				916724A32AC06AAD00825724 /* LaunchScreen.storyboard in Resources */,
				916724A02AC06AAD00825724 /* Assets.xcassets in Resources */,
			);
			runOnlyForDeploymentPostprocessing = 0;
		};
		916724A72AC06AAE00825724 /* Resources */ = {
			isa = PBXResourcesBuildPhase;
			buildActionMask = 2147483647;
			files = (
			);
			runOnlyForDeploymentPostprocessing = 0;
		};
/* End PBXResourcesBuildPhase section */

/* Begin PBXSourcesBuildPhase section */
		9167248F2AC06AAB00825724 /* Sources */ = {
			isa = PBXSourcesBuildPhase;
			buildActionMask = 2147483647;
			files = (
				916724DA2AC079BC00825724 /* LandingView.swift in Sources */,
				916724D82AC079BC00825724 /* LandingProtocols.swift in Sources */,
				916724D62AC079BC00825724 /* LandingPresenter.swift in Sources */,
				916724EB2AC098FE00825724 /* UIViewControlle+Extension.swift in Sources */,
				916724E72AC08BB700825724 /* SongCell.swift in Sources */,
				916724E12AC07DAA00825724 /* ScreenConfigurator.swift in Sources */,
				916724E32AC083EA00825724 /* iTunesSearchService.swift in Sources */,
				916724972AC06AAB00825724 /* AppDelegate.swift in Sources */,
				916724992AC06AAB00825724 /* SceneDelegate.swift in Sources */,
				916724DF2AC07BBF00825724 /* iTunesSearchResult.swift in Sources */,
				916724CE2AC06FFB00825724 /* ApiClient.swift in Sources */,
				916724DB2AC079BC00825724 /* LandingModel.swift in Sources */,
			);
			runOnlyForDeploymentPostprocessing = 0;
		};
		916724A52AC06AAE00825724 /* Sources */ = {
			isa = PBXSourcesBuildPhase;
			buildActionMask = 2147483647;
			files = (
				91318CC42AC169FC00F19583 /* MockLandingView.swift in Sources */,
				916724AE2AC06AAE00825724 /* iTunesSearchTests.swift in Sources */,
				9128CE052AC1762200453D37 /* iTunesSearchResult+Mock.swift in Sources */,
				91318CC22AC164DC00F19583 /* MockApiClient.swift in Sources */,
			);
			runOnlyForDeploymentPostprocessing = 0;
		};
/* End PBXSourcesBuildPhase section */

/* Begin PBXTargetDependency section */
		916724AB2AC06AAE00825724 /* PBXTargetDependency */ = {
			isa = PBXTargetDependency;
			target = 916724922AC06AAB00825724 /* iTunesSearch */;
			targetProxy = 916724AA2AC06AAE00825724 /* PBXContainerItemProxy */;
		};
/* End PBXTargetDependency section */

/* Begin PBXVariantGroup section */
		916724A12AC06AAD00825724 /* LaunchScreen.storyboard */ = {
			isa = PBXVariantGroup;
			children = (
				916724A22AC06AAD00825724 /* Base */,
			);
			name = LaunchScreen.storyboard;
			sourceTree = "<group>";
		};
/* End PBXVariantGroup section */

/* Begin XCBuildConfiguration section */
		916724BB2AC06AAE00825724 /* Debug */ = {
			isa = XCBuildConfiguration;
			buildSettings = {
				ALWAYS_SEARCH_USER_PATHS = NO;
				CLANG_ANALYZER_NONNULL = YES;
				CLANG_ANALYZER_NUMBER_OBJECT_CONVERSION = YES_AGGRESSIVE;
				CLANG_CXX_LANGUAGE_STANDARD = "gnu++20";
				CLANG_ENABLE_MODULES = YES;
				CLANG_ENABLE_OBJC_ARC = YES;
				CLANG_ENABLE_OBJC_WEAK = YES;
				CLANG_WARN_BLOCK_CAPTURE_AUTORELEASING = YES;
				CLANG_WARN_BOOL_CONVERSION = YES;
				CLANG_WARN_COMMA = YES;
				CLANG_WARN_CONSTANT_CONVERSION = YES;
				CLANG_WARN_DEPRECATED_OBJC_IMPLEMENTATIONS = YES;
				CLANG_WARN_DIRECT_OBJC_ISA_USAGE = YES_ERROR;
				CLANG_WARN_DOCUMENTATION_COMMENTS = YES;
				CLANG_WARN_EMPTY_BODY = YES;
				CLANG_WARN_ENUM_CONVERSION = YES;
				CLANG_WARN_INFINITE_RECURSION = YES;
				CLANG_WARN_INT_CONVERSION = YES;
				CLANG_WARN_NON_LITERAL_NULL_CONVERSION = YES;
				CLANG_WARN_OBJC_IMPLICIT_RETAIN_SELF = YES;
				CLANG_WARN_OBJC_LITERAL_CONVERSION = YES;
				CLANG_WARN_OBJC_ROOT_CLASS = YES_ERROR;
				CLANG_WARN_QUOTED_INCLUDE_IN_FRAMEWORK_HEADER = YES;
				CLANG_WARN_RANGE_LOOP_ANALYSIS = YES;
				CLANG_WARN_STRICT_PROTOTYPES = YES;
				CLANG_WARN_SUSPICIOUS_MOVE = YES;
				CLANG_WARN_UNGUARDED_AVAILABILITY = YES_AGGRESSIVE;
				CLANG_WARN_UNREACHABLE_CODE = YES;
				CLANG_WARN__DUPLICATE_METHOD_MATCH = YES;
				COPY_PHASE_STRIP = NO;
				DEBUG_INFORMATION_FORMAT = dwarf;
				ENABLE_STRICT_OBJC_MSGSEND = YES;
				ENABLE_TESTABILITY = YES;
				GCC_C_LANGUAGE_STANDARD = gnu11;
				GCC_DYNAMIC_NO_PIC = NO;
				GCC_NO_COMMON_BLOCKS = YES;
				GCC_OPTIMIZATION_LEVEL = 0;
				GCC_PREPROCESSOR_DEFINITIONS = (
					"DEBUG=1",
					"$(inherited)",
				);
				GCC_WARN_64_TO_32_BIT_CONVERSION = YES;
				GCC_WARN_ABOUT_RETURN_TYPE = YES_ERROR;
				GCC_WARN_UNDECLARED_SELECTOR = YES;
				GCC_WARN_UNINITIALIZED_AUTOS = YES_AGGRESSIVE;
				GCC_WARN_UNUSED_FUNCTION = YES;
				GCC_WARN_UNUSED_VARIABLE = YES;
				IPHONEOS_DEPLOYMENT_TARGET = 16.4;
				MTL_ENABLE_DEBUG_INFO = INCLUDE_SOURCE;
				MTL_FAST_MATH = YES;
				ONLY_ACTIVE_ARCH = YES;
				SDKROOT = iphoneos;
				SWIFT_ACTIVE_COMPILATION_CONDITIONS = DEBUG;
				SWIFT_OPTIMIZATION_LEVEL = "-Onone";
			};
			name = Debug;
		};
		916724BC2AC06AAE00825724 /* Release */ = {
			isa = XCBuildConfiguration;
			buildSettings = {
				ALWAYS_SEARCH_USER_PATHS = NO;
				CLANG_ANALYZER_NONNULL = YES;
				CLANG_ANALYZER_NUMBER_OBJECT_CONVERSION = YES_AGGRESSIVE;
				CLANG_CXX_LANGUAGE_STANDARD = "gnu++20";
				CLANG_ENABLE_MODULES = YES;
				CLANG_ENABLE_OBJC_ARC = YES;
				CLANG_ENABLE_OBJC_WEAK = YES;
				CLANG_WARN_BLOCK_CAPTURE_AUTORELEASING = YES;
				CLANG_WARN_BOOL_CONVERSION = YES;
				CLANG_WARN_COMMA = YES;
				CLANG_WARN_CONSTANT_CONVERSION = YES;
				CLANG_WARN_DEPRECATED_OBJC_IMPLEMENTATIONS = YES;
				CLANG_WARN_DIRECT_OBJC_ISA_USAGE = YES_ERROR;
				CLANG_WARN_DOCUMENTATION_COMMENTS = YES;
				CLANG_WARN_EMPTY_BODY = YES;
				CLANG_WARN_ENUM_CONVERSION = YES;
				CLANG_WARN_INFINITE_RECURSION = YES;
				CLANG_WARN_INT_CONVERSION = YES;
				CLANG_WARN_NON_LITERAL_NULL_CONVERSION = YES;
				CLANG_WARN_OBJC_IMPLICIT_RETAIN_SELF = YES;
				CLANG_WARN_OBJC_LITERAL_CONVERSION = YES;
				CLANG_WARN_OBJC_ROOT_CLASS = YES_ERROR;
				CLANG_WARN_QUOTED_INCLUDE_IN_FRAMEWORK_HEADER = YES;
				CLANG_WARN_RANGE_LOOP_ANALYSIS = YES;
				CLANG_WARN_STRICT_PROTOTYPES = YES;
				CLANG_WARN_SUSPICIOUS_MOVE = YES;
				CLANG_WARN_UNGUARDED_AVAILABILITY = YES_AGGRESSIVE;
				CLANG_WARN_UNREACHABLE_CODE = YES;
				CLANG_WARN__DUPLICATE_METHOD_MATCH = YES;
				COPY_PHASE_STRIP = NO;
				DEBUG_INFORMATION_FORMAT = "dwarf-with-dsym";
				ENABLE_NS_ASSERTIONS = NO;
				ENABLE_STRICT_OBJC_MSGSEND = YES;
				GCC_C_LANGUAGE_STANDARD = gnu11;
				GCC_NO_COMMON_BLOCKS = YES;
				GCC_WARN_64_TO_32_BIT_CONVERSION = YES;
				GCC_WARN_ABOUT_RETURN_TYPE = YES_ERROR;
				GCC_WARN_UNDECLARED_SELECTOR = YES;
				GCC_WARN_UNINITIALIZED_AUTOS = YES_AGGRESSIVE;
				GCC_WARN_UNUSED_FUNCTION = YES;
				GCC_WARN_UNUSED_VARIABLE = YES;
				IPHONEOS_DEPLOYMENT_TARGET = 16.4;
				MTL_ENABLE_DEBUG_INFO = NO;
				MTL_FAST_MATH = YES;
				SDKROOT = iphoneos;
				SWIFT_COMPILATION_MODE = wholemodule;
				SWIFT_OPTIMIZATION_LEVEL = "-O";
				VALIDATE_PRODUCT = YES;
			};
			name = Release;
		};
		916724BE2AC06AAE00825724 /* Debug */ = {
			isa = XCBuildConfiguration;
			buildSettings = {
				ASSETCATALOG_COMPILER_APPICON_NAME = AppIcon;
				ASSETCATALOG_COMPILER_GLOBAL_ACCENT_COLOR_NAME = AccentColor;
				CODE_SIGN_STYLE = Automatic;
				CURRENT_PROJECT_VERSION = 1;
				DEVELOPMENT_TEAM = 7DQGP7DU26;
				GENERATE_INFOPLIST_FILE = YES;
				INFOPLIST_FILE = iTunesSearch/Info.plist;
				INFOPLIST_KEY_UIApplicationSupportsIndirectInputEvents = YES;
				INFOPLIST_KEY_UILaunchStoryboardName = LaunchScreen;
				INFOPLIST_KEY_UIMainStoryboardFile = "";
				INFOPLIST_KEY_UISupportedInterfaceOrientations = UIInterfaceOrientationPortrait;
				LD_RUNPATH_SEARCH_PATHS = (
					"$(inherited)",
					"@executable_path/Frameworks",
				);
				MARKETING_VERSION = 1.0;
				PRODUCT_BUNDLE_IDENTIFIER = com.xyz.iTunesSearch;
				PRODUCT_NAME = "$(TARGET_NAME)";
				SWIFT_EMIT_LOC_STRINGS = YES;
				SWIFT_VERSION = 5.0;
				TARGETED_DEVICE_FAMILY = "1,2";
			};
			name = Debug;
		};
		916724BF2AC06AAE00825724 /* Release */ = {
			isa = XCBuildConfiguration;
			buildSettings = {
				ASSETCATALOG_COMPILER_APPICON_NAME = AppIcon;
				ASSETCATALOG_COMPILER_GLOBAL_ACCENT_COLOR_NAME = AccentColor;
				CODE_SIGN_STYLE = Automatic;
				CURRENT_PROJECT_VERSION = 1;
				DEVELOPMENT_TEAM = 7DQGP7DU26;
				GENERATE_INFOPLIST_FILE = YES;
				INFOPLIST_FILE = iTunesSearch/Info.plist;
				INFOPLIST_KEY_UIApplicationSupportsIndirectInputEvents = YES;
				INFOPLIST_KEY_UILaunchStoryboardName = LaunchScreen;
				INFOPLIST_KEY_UIMainStoryboardFile = "";
				INFOPLIST_KEY_UISupportedInterfaceOrientations = UIInterfaceOrientationPortrait;
				LD_RUNPATH_SEARCH_PATHS = (
					"$(inherited)",
					"@executable_path/Frameworks",
				);
				MARKETING_VERSION = 1.0;
				PRODUCT_BUNDLE_IDENTIFIER = com.xyz.iTunesSearch;
				PRODUCT_NAME = "$(TARGET_NAME)";
				SWIFT_EMIT_LOC_STRINGS = YES;
				SWIFT_VERSION = 5.0;
				TARGETED_DEVICE_FAMILY = "1,2";
			};
			name = Release;
		};
		916724C12AC06AAE00825724 /* Debug */ = {
			isa = XCBuildConfiguration;
			buildSettings = {
				ALWAYS_EMBED_SWIFT_STANDARD_LIBRARIES = YES;
				BUNDLE_LOADER = "$(TEST_HOST)";
				CODE_SIGN_STYLE = Automatic;
				CURRENT_PROJECT_VERSION = 1;
				DEVELOPMENT_TEAM = 7DQGP7DU26;
				GENERATE_INFOPLIST_FILE = YES;
				IPHONEOS_DEPLOYMENT_TARGET = 16.4;
				MARKETING_VERSION = 1.0;
				PRODUCT_BUNDLE_IDENTIFIER = com.xyz.iTunesSearchTests;
				PRODUCT_NAME = "$(TARGET_NAME)";
				SWIFT_EMIT_LOC_STRINGS = NO;
				SWIFT_VERSION = 5.0;
				TARGETED_DEVICE_FAMILY = "1,2";
				TEST_HOST = "$(BUILT_PRODUCTS_DIR)/iTunesSearch.app/$(BUNDLE_EXECUTABLE_FOLDER_PATH)/iTunesSearch";
			};
			name = Debug;
		};
		916724C22AC06AAE00825724 /* Release */ = {
			isa = XCBuildConfiguration;
			buildSettings = {
				ALWAYS_EMBED_SWIFT_STANDARD_LIBRARIES = YES;
				BUNDLE_LOADER = "$(TEST_HOST)";
				CODE_SIGN_STYLE = Automatic;
				CURRENT_PROJECT_VERSION = 1;
				DEVELOPMENT_TEAM = 7DQGP7DU26;
				GENERATE_INFOPLIST_FILE = YES;
				IPHONEOS_DEPLOYMENT_TARGET = 16.4;
				MARKETING_VERSION = 1.0;
				PRODUCT_BUNDLE_IDENTIFIER = com.xyz.iTunesSearchTests;
				PRODUCT_NAME = "$(TARGET_NAME)";
				SWIFT_EMIT_LOC_STRINGS = NO;
				SWIFT_VERSION = 5.0;
				TARGETED_DEVICE_FAMILY = "1,2";
				TEST_HOST = "$(BUILT_PRODUCTS_DIR)/iTunesSearch.app/$(BUNDLE_EXECUTABLE_FOLDER_PATH)/iTunesSearch";
			};
			name = Release;
		};
/* End XCBuildConfiguration section */

/* Begin XCConfigurationList section */
		9167248E2AC06AAB00825724 /* Build configuration list for PBXProject "iTunesSearch" */ = {
			isa = XCConfigurationList;
			buildConfigurations = (
				916724BB2AC06AAE00825724 /* Debug */,
				916724BC2AC06AAE00825724 /* Release */,
			);
			defaultConfigurationIsVisible = 0;
			defaultConfigurationName = Release;
		};
		916724BD2AC06AAE00825724 /* Build configuration list for PBXNativeTarget "iTunesSearch" */ = {
			isa = XCConfigurationList;
			buildConfigurations = (
				916724BE2AC06AAE00825724 /* Debug */,
				916724BF2AC06AAE00825724 /* Release */,
			);
			defaultConfigurationIsVisible = 0;
			defaultConfigurationName = Release;
		};
		916724C02AC06AAE00825724 /* Build configuration list for PBXNativeTarget "iTunesSearchTests" */ = {
			isa = XCConfigurationList;
			buildConfigurations = (
				916724C12AC06AAE00825724 /* Debug */,
				916724C22AC06AAE00825724 /* Release */,
			);
			defaultConfigurationIsVisible = 0;
			defaultConfigurationName = Release;
		};
/* End XCConfigurationList section */
	};
	rootObject = 9167248B2AC06AAB00825724 /* Project object */;
}
